
Microsoft Visual Studio Solution File, Format Version 12.00
# Visual Studio 2013
Project("{FAE04EC0-301F-11D3-BF4B-00C04F79EFBC}") = "UnityVS.WEDO.CSharp", "UnityVS.WEDO.CSharp.csproj", "{36BADF69-0FCA-963C-D077-ECA10AC1E28F}"
EndProject
Project("{FAE04EC0-301F-11D3-BF4B-00C04F79EFBC}") = "UnityVS.WEDO.CSharp.Editor", "UnityVS.WEDO.CSharp.Editor.csproj", "{959B6AC6-B5B1-129E-4A18-502C69B2D39F}"
EndProject
Global
	GlobalSection(SolutionConfigurationPlatforms) = preSolution
		Debug|Any CPU = Debug|Any CPU
		Release|Any CPU = Release|Any CPU
	EndGlobalSection
	GlobalSection(ProjectConfigurationPlatforms) = postSolution
		{36BADF69-0FCA-963C-D077-ECA10AC1E28F}.Debug|Any CPU.ActiveCfg = Debug|Any CPU
		{36BADF69-0FCA-963C-D077-ECA10AC1E28F}.Debug|Any CPU.Build.0 = Debug|Any CPU
		{36BADF69-0FCA-963C-D077-ECA10AC1E28F}.Release|Any CPU.ActiveCfg = Release|Any CPU
		{36BADF69-0FCA-963C-D077-ECA10AC1E28F}.Release|Any CPU.Build.0 = Release|Any CPU
		{959B6AC6-B5B1-129E-4A18-502C69B2D39F}.Debug|Any CPU.ActiveCfg = Debug|Any CPU
		{959B6AC6-B5B1-129E-4A18-502C69B2D39F}.Debug|Any CPU.Build.0 = Debug|Any CPU
		{959B6AC6-B5B1-129E-4A18-502C69B2D39F}.Release|Any CPU.ActiveCfg = Release|Any CPU
		{959B6AC6-B5B1-129E-4A18-502C69B2D39F}.Release|Any CPU.Build.0 = Release|Any CPU
	EndGlobalSection
	GlobalSection(SolutionProperties) = preSolution
		HideSolutionNode = FALSE
	EndGlobalSection
EndGlobal
